
Microsoft Visual Studio Solution File, Format Version 12.00
Project("{FAE04EC0-301F-11D3-BF4B-00C04F79EFBC}") = "FactoryDecorator", "FactoryDecorator\FactoryDecorator.csproj", "{FD6FBA76-3E06-41DB-86CD-0080A148096C}"
EndProject
Global
	GlobalSection(SolutionConfigurationPlatforms) = preSolution
		Debug|Any CPU = Debug|Any CPU
		Release|Any CPU = Release|Any CPU
	EndGlobalSection
	GlobalSection(ProjectConfigurationPlatforms) = postSolution
		{FD6FBA76-3E06-41DB-86CD-0080A148096C}.Debug|Any CPU.ActiveCfg = Debug|Any CPU
		{FD6FBA76-3E06-41DB-86CD-0080A148096C}.Debug|Any CPU.Build.0 = Debug|Any CPU
		{FD6FBA76-3E06-41DB-86CD-0080A148096C}.Release|Any CPU.ActiveCfg = Release|Any CPU
		{FD6FBA76-3E06-41DB-86CD-0080A148096C}.Release|Any CPU.Build.0 = Release|Any CPU
	EndGlobalSection
EndGlobal
